
Microsoft Visual Studio Solution File, Format Version 12.00
# Visual Studio Version 16
VisualStudioVersion = 16.0.32428.217
MinimumVisualStudioVersion = 10.0.40219.1
Project("{FAE04EC0-301F-11D3-BF4B-00C04F79EFBC}") = "ConsoleApp3", "ConsoleApp3\ConsoleApp3.csproj", "{5A4E33BC-2E97-429D-ACAD-22C2A3796F8A}"
EndProject
Global
	GlobalSection(SolutionConfigurationPlatforms) = preSolution
		Debug|Any CPU = Debug|Any CPU
		Release|Any CPU = Release|Any CPU
	EndGlobalSection
	GlobalSection(ProjectConfigurationPlatforms) = postSolution
		{5A4E33BC-2E97-429D-ACAD-22C2A3796F8A}.Debug|Any CPU.ActiveCfg = Debug|Any CPU
		{5A4E33BC-2E97-429D-ACAD-22C2A3796F8A}.Debug|Any CPU.Build.0 = Debug|Any CPU
		{5A4E33BC-2E97-429D-ACAD-22C2A3796F8A}.Release|Any CPU.ActiveCfg = Release|Any CPU
		{5A4E33BC-2E97-429D-ACAD-22C2A3796F8A}.Release|Any CPU.Build.0 = Release|Any CPU
	EndGlobalSection
	GlobalSection(SolutionProperties) = preSolution
		HideSolutionNode = FALSE
	EndGlobalSection
	GlobalSection(ExtensibilityGlobals) = postSolution
		SolutionGuid = {A404536A-DEC0-4094-ACF5-C5FEA1B7D485}
	EndGlobalSection
EndGlobal
